
Microsoft Visual Studio Solution File, Format Version 12.00
# Visual Studio Version 17
VisualStudioVersion = 17.7.34031.279
MinimumVisualStudioVersion = 10.0.40219.1
Project("{FAE04EC0-301F-11D3-BF4B-00C04F79EFBC}") = "ResumeMgnt", "ResumeMgnt\ResumeMgnt.csproj", "{072AC17A-6587-4D00-BD83-9AE524DAA4FF}"
EndProject
Global
	GlobalSection(SolutionConfigurationPlatforms) = preSolution
		Debug|Any CPU = Debug|Any CPU
		Release|Any CPU = Release|Any CPU
	EndGlobalSection
	GlobalSection(ProjectConfigurationPlatforms) = postSolution
		{072AC17A-6587-4D00-BD83-9AE524DAA4FF}.Debug|Any CPU.ActiveCfg = Debug|Any CPU
		{072AC17A-6587-4D00-BD83-9AE524DAA4FF}.Debug|Any CPU.Build.0 = Debug|Any CPU
		{072AC17A-6587-4D00-BD83-9AE524DAA4FF}.Release|Any CPU.ActiveCfg = Release|Any CPU
		{072AC17A-6587-4D00-BD83-9AE524DAA4FF}.Release|Any CPU.Build.0 = Release|Any CPU
	EndGlobalSection
	GlobalSection(SolutionProperties) = preSolution
		HideSolutionNode = FALSE
	EndGlobalSection
	GlobalSection(ExtensibilityGlobals) = postSolution
		SolutionGuid = {014A96AE-036D-4D96-8270-B2F07414E7F6}
	EndGlobalSection
EndGlobal
